
Microsoft Visual Studio Solution File, Format Version 12.00
# Visual Studio Version 17
VisualStudioVersion = 17.6.33801.468
MinimumVisualStudioVersion = 10.0.40219.1
Project("{9A19103F-16F7-4668-BE54-9A1E7A4F7556}") = "Api_DartGame_Blank.Entities", "Api_DartGame_Blank.Entities\Api_DartGame_Blank.Entities.csproj", "{1D692831-F12F-4D4C-9909-66A12DE312A3}"
EndProject
Project("{9A19103F-16F7-4668-BE54-9A1E7A4F7556}") = "Api_DartGame_Blank.DataAccess", "Api_DartGame_Blank.DataAccess\Api_DartGame_Blank.DataAccess.csproj", "{1546604D-039F-42A6-90FF-793B46D6ABE7}"
EndProject
Project("{9A19103F-16F7-4668-BE54-9A1E7A4F7556}") = "Api_DartGame_Blank.Business", "Api_DartGame_Blank.Business\Api_DartGame_Blank.Business.csproj", "{F3CBD9BF-BCCE-4A07-A9BD-AE7D67BBD3F6}"
EndProject
Project("{FAE04EC0-301F-11D3-BF4B-00C04F79EFBC}") = "Api_DartGame_Blank.API", "Api_DartGame_Blank.API\Api_DartGame_Blank.API.csproj", "{70A1083D-3F36-46BE-996E-6DA4EE786B4C}"
EndProject
Global
	GlobalSection(SolutionConfigurationPlatforms) = preSolution
		Debug|Any CPU = Debug|Any CPU
		Release|Any CPU = Release|Any CPU
	EndGlobalSection
	GlobalSection(ProjectConfigurationPlatforms) = postSolution
		{1D692831-F12F-4D4C-9909-66A12DE312A3}.Debug|Any CPU.ActiveCfg = Debug|Any CPU
		{1D692831-F12F-4D4C-9909-66A12DE312A3}.Debug|Any CPU.Build.0 = Debug|Any CPU
		{1D692831-F12F-4D4C-9909-66A12DE312A3}.Release|Any CPU.ActiveCfg = Release|Any CPU
		{1D692831-F12F-4D4C-9909-66A12DE312A3}.Release|Any CPU.Build.0 = Release|Any CPU
		{1546604D-039F-42A6-90FF-793B46D6ABE7}.Debug|Any CPU.ActiveCfg = Debug|Any CPU
		{1546604D-039F-42A6-90FF-793B46D6ABE7}.Debug|Any CPU.Build.0 = Debug|Any CPU
		{1546604D-039F-42A6-90FF-793B46D6ABE7}.Release|Any CPU.ActiveCfg = Release|Any CPU
		{1546604D-039F-42A6-90FF-793B46D6ABE7}.Release|Any CPU.Build.0 = Release|Any CPU
		{F3CBD9BF-BCCE-4A07-A9BD-AE7D67BBD3F6}.Debug|Any CPU.ActiveCfg = Debug|Any CPU
		{F3CBD9BF-BCCE-4A07-A9BD-AE7D67BBD3F6}.Debug|Any CPU.Build.0 = Debug|Any CPU
		{F3CBD9BF-BCCE-4A07-A9BD-AE7D67BBD3F6}.Release|Any CPU.ActiveCfg = Release|Any CPU
		{F3CBD9BF-BCCE-4A07-A9BD-AE7D67BBD3F6}.Release|Any CPU.Build.0 = Release|Any CPU
		{70A1083D-3F36-46BE-996E-6DA4EE786B4C}.Debug|Any CPU.ActiveCfg = Debug|Any CPU
		{70A1083D-3F36-46BE-996E-6DA4EE786B4C}.Debug|Any CPU.Build.0 = Debug|Any CPU
		{70A1083D-3F36-46BE-996E-6DA4EE786B4C}.Release|Any CPU.ActiveCfg = Release|Any CPU
		{70A1083D-3F36-46BE-996E-6DA4EE786B4C}.Release|Any CPU.Build.0 = Release|Any CPU
	EndGlobalSection
	GlobalSection(SolutionProperties) = preSolution
		HideSolutionNode = FALSE
	EndGlobalSection
	GlobalSection(ExtensibilityGlobals) = postSolution
		SolutionGuid = {C461C46F-ED5E-4DC5-AEDB-E2BF1166CB38}
	EndGlobalSection
EndGlobal
